// !$*UTF8*$!
{
	archiveVersion = 1;
	classes = {
	};
	objectVersion = 46;
	objects = {

/* Begin PBXBuildFile section */
		665F9556B3B824B9056A9800 /* Pods_chatcoin.framework in Frameworks */ = {isa = PBXBuildFile; fileRef = 09FB3C673239EFB999BD1FF4 /* Pods_chatcoin.framework */; };
		7B1D7EE51E460E1D00F2EDD9 /* Assets.xcassets in Resources */ = {isa = PBXBuildFile; fileRef = 7B1D7EE41E460E1D00F2EDD9 /* Assets.xcassets */; };
		7BEC0CF41E461A7100A0C71C /* AppDelegate.m in Sources */ = {isa = PBXBuildFile; fileRef = 7BEC0CF21E461A7100A0C71C /* AppDelegate.m */; };
		7BEC0CF51E461A7100A0C71C /* main.m in Sources */ = {isa = PBXBuildFile; fileRef = 7BEC0CF31E461A7100A0C71C /* main.m */; };
		7BEC0CF81E461DD800A0C71C /* DAContractViewController.m in Sources */ = {isa = PBXBuildFile; fileRef = 7BEC0CF71E461DD800A0C71C /* DAContractViewController.m */; };
		7BEC0CFB1E461E0000A0C71C /* DAConversationViewController.m in Sources */ = {isa = PBXBuildFile; fileRef = 7BEC0CFA1E461E0000A0C71C /* DAConversationViewController.m */; };
		7BEC0D031E46DEC100A0C71C /* DANavigationController.m in Sources */ = {isa = PBXBuildFile; fileRef = 7BEC0D021E46DEC100A0C71C /* DANavigationController.m */; };
		7BEC0D091E46DFDB00A0C71C /* DATabBarController.m in Sources */ = {isa = PBXBuildFile; fileRef = 7BEC0D081E46DFDB00A0C71C /* DATabBarController.m */; };
		7BEC0D221E46EBCE00A0C71C /* NSDate+LLExt.m in Sources */ = {isa = PBXBuildFile; fileRef = 7BEC0D0C1E46EBCE00A0C71C /* NSDate+LLExt.m */; };
		7BEC0D231E46EBCE00A0C71C /* NSString+encrypto.m in Sources */ = {isa = PBXBuildFile; fileRef = 7BEC0D0E1E46EBCE00A0C71C /* NSString+encrypto.m */; };
		7BEC0D241E46EBCE00A0C71C /* UICollectionView+LLExt.m in Sources */ = {isa = PBXBuildFile; fileRef = 7BEC0D101E46EBCE00A0C71C /* UICollectionView+LLExt.m */; };
		7BEC0D251E46EBCE00A0C71C /* UIColor+LLExt.m in Sources */ = {isa = PBXBuildFile; fileRef = 7BEC0D121E46EBCE00A0C71C /* UIColor+LLExt.m */; };
		7BEC0D261E46EBCE00A0C71C /* UIImage+EMGIF.m in Sources */ = {isa = PBXBuildFile; fileRef = 7BEC0D141E46EBCE00A0C71C /* UIImage+EMGIF.m */; };
		7BEC0D271E46EBCE00A0C71C /* UIImage+LLExt.m in Sources */ = {isa = PBXBuildFile; fileRef = 7BEC0D161E46EBCE00A0C71C /* UIImage+LLExt.m */; };
		7BEC0D281E46EBCE00A0C71C /* UINavigationBar+LLExt.m in Sources */ = {isa = PBXBuildFile; fileRef = 7BEC0D191E46EBCE00A0C71C /* UINavigationBar+LLExt.m */; };
		7BEC0D291E46EBCE00A0C71C /* UIScrollView+LLExt.m in Sources */ = {isa = PBXBuildFile; fileRef = 7BEC0D1B1E46EBCE00A0C71C /* UIScrollView+LLExt.m */; };
		7BEC0D2A1E46EBCE00A0C71C /* UITableView+LLExt.m in Sources */ = {isa = PBXBuildFile; fileRef = 7BEC0D1D1E46EBCE00A0C71C /* UITableView+LLExt.m */; };
		7BEC0D2B1E46EBCE00A0C71C /* UITextView+LLDebugOnly.m in Sources */ = {isa = PBXBuildFile; fileRef = 7BEC0D1F1E46EBCE00A0C71C /* UITextView+LLDebugOnly.m */; };
		7BEC0D2F1E46EF9A00A0C71C /* UIView+LLExt.m in Sources */ = {isa = PBXBuildFile; fileRef = 7BEC0D2E1E46EF9A00A0C71C /* UIView+LLExt.m */; };
		7BEC0D3B1E46F71700A0C71C /* Emotion.bundle in Resources */ = {isa = PBXBuildFile; fileRef = 7BEC0D361E46F71700A0C71C /* Emotion.bundle */; };
		7BEC0D3C1E46F71700A0C71C /* Emotions.plist in Resources */ = {isa = PBXBuildFile; fileRef = 7BEC0D371E46F71700A0C71C /* Emotions.plist */; };
		7BEC0D3D1E46F71700A0C71C /* imageDownloadFail@2x.png in Resources */ = {isa = PBXBuildFile; fileRef = 7BEC0D381E46F71700A0C71C /* imageDownloadFail@2x.png */; };
		7BEC0D3E1E46F71700A0C71C /* Media.xcassets in Resources */ = {isa = PBXBuildFile; fileRef = 7BEC0D391E46F71700A0C71C /* Media.xcassets */; };
		7BEC0D3F1E46F71700A0C71C /* user@2x.png in Resources */ = {isa = PBXBuildFile; fileRef = 7BEC0D3A1E46F71700A0C71C /* user@2x.png */; };
		7BEC0D4A1E47041D00A0C71C /* LYHomeCell.m in Sources */ = {isa = PBXBuildFile; fileRef = 7BEC0D451E47041D00A0C71C /* LYHomeCell.m */; };
		7BEC0D4F1E47097F00A0C71C /* LYHomeCellModel.m in Sources */ = {isa = PBXBuildFile; fileRef = 7BEC0D4E1E47097F00A0C71C /* LYHomeCellModel.m */; };
		7BEC0D561E470A7E00A0C71C /* DAViewController.m in Sources */ = {isa = PBXBuildFile; fileRef = 7BEC0D551E470A7E00A0C71C /* DAViewController.m */; };
		7BEC0D591E470AA100A0C71C /* DAChatViewController.m in Sources */ = {isa = PBXBuildFile; fileRef = 7BEC0D581E470AA100A0C71C /* DAChatViewController.m */; };
		7BEC0D5D1E47424C00A0C71C /* LYSideslipCell.m in Sources */ = {isa = PBXBuildFile; fileRef = 7BEC0D5C1E47424C00A0C71C /* LYSideslipCell.m */; };
		7BEC0D5F1E47497E00A0C71C /* libz.tbd in Frameworks */ = {isa = PBXBuildFile; fileRef = 7BEC0D5E1E47497E00A0C71C /* libz.tbd */; };
		7BEC0DB71E4766D900A0C71C /* NSString+Emoji.m in Sources */ = {isa = PBXBuildFile; fileRef = 7BEC0D901E4766D900A0C71C /* NSString+Emoji.m */; };
		7BEC0DB81E4766D900A0C71C /* ChatKeyBoard.m in Sources */ = {isa = PBXBuildFile; fileRef = 7BEC0D921E4766D900A0C71C /* ChatKeyBoard.m */; };
		7BEC0DB91E4766D900A0C71C /* ChatToolBarItem.m in Sources */ = {isa = PBXBuildFile; fileRef = 7BEC0D961E4766D900A0C71C /* ChatToolBarItem.m */; };
		7BEC0DBA1E4766D900A0C71C /* FaceThemeModel.m in Sources */ = {isa = PBXBuildFile; fileRef = 7BEC0D981E4766D900A0C71C /* FaceThemeModel.m */; };
		7BEC0DBB1E4766D900A0C71C /* MoreItem.m in Sources */ = {isa = PBXBuildFile; fileRef = 7BEC0D9A1E4766D900A0C71C /* MoreItem.m */; };
		7BEC0DBC1E4766D900A0C71C /* emotion.plist in Resources */ = {isa = PBXBuildFile; fileRef = 7BEC0D9C1E4766D900A0C71C /* emotion.plist */; };
		7BEC0DBD1E4766D900A0C71C /* face.plist in Resources */ = {isa = PBXBuildFile; fileRef = 7BEC0D9D1E4766D900A0C71C /* face.plist */; };
		7BEC0DBE1E4766D900A0C71C /* systemEmoji.plist in Resources */ = {isa = PBXBuildFile; fileRef = 7BEC0D9E1E4766D900A0C71C /* systemEmoji.plist */; };
		7BEC0DBF1E4766D900A0C71C /* FaceButton.m in Sources */ = {isa = PBXBuildFile; fileRef = 7BEC0DA21E4766D900A0C71C /* FaceButton.m */; };
		7BEC0DC01E4766D900A0C71C /* FacePageView.m in Sources */ = {isa = PBXBuildFile; fileRef = 7BEC0DA41E4766D900A0C71C /* FacePageView.m */; };
		7BEC0DC11E4766D900A0C71C /* FacePanel.m in Sources */ = {isa = PBXBuildFile; fileRef = 7BEC0DA61E4766D900A0C71C /* FacePanel.m */; };
		7BEC0DC21E4766D900A0C71C /* FaceThemeView.m in Sources */ = {isa = PBXBuildFile; fileRef = 7BEC0DA81E4766D900A0C71C /* FaceThemeView.m */; };
		7BEC0DC31E4766D900A0C71C /* PanelBottomView.m in Sources */ = {isa = PBXBuildFile; fileRef = 7BEC0DAA1E4766D900A0C71C /* PanelBottomView.m */; };
		7BEC0DC41E4766D900A0C71C /* MorePanel.m in Sources */ = {isa = PBXBuildFile; fileRef = 7BEC0DAD1E4766D900A0C71C /* MorePanel.m */; };
		7BEC0DC51E4766D900A0C71C /* ChatToolBar.m in Sources */ = {isa = PBXBuildFile; fileRef = 7BEC0DB01E4766D900A0C71C /* ChatToolBar.m */; };
		7BEC0DC61E4766D900A0C71C /* OfficialAccountToolbar.m in Sources */ = {isa = PBXBuildFile; fileRef = 7BEC0DB21E4766D900A0C71C /* OfficialAccountToolbar.m */; };
		7BEC0DC71E4766D900A0C71C /* RFRecordButton.m in Sources */ = {isa = PBXBuildFile; fileRef = 7BEC0DB41E4766D900A0C71C /* RFRecordButton.m */; };
		7BEC0DC81E4766D900A0C71C /* RFTextView.m in Sources */ = {isa = PBXBuildFile; fileRef = 7BEC0DB61E4766D900A0C71C /* RFTextView.m */; };
		7BEC0DCB1E47689F00A0C71C /* FaceSourceManager.m in Sources */ = {isa = PBXBuildFile; fileRef = 7BEC0DCA1E47689F00A0C71C /* FaceSourceManager.m */; };
		7BEC0DED1E483DDA00A0C71C /* DAProfilesViewController.m in Sources */ = {isa = PBXBuildFile; fileRef = 7BEC0DEC1E483DDA00A0C71C /* DAProfilesViewController.m */; };
/* End PBXBuildFile section */

/* Begin PBXFileReference section */
		09FB3C673239EFB999BD1FF4 /* Pods_chatcoin.framework */ = {isa = PBXFileReference; explicitFileType = wrapper.framework; includeInIndex = 0; path = Pods_chatcoin.framework; sourceTree = BUILT_PRODUCTS_DIR; };
		3278594E7C5912FABB1083AE /* Pods-chatcoin.release.xcconfig */ = {isa = PBXFileReference; includeInIndex = 1; lastKnownFileType = text.xcconfig; name = "Pods-chatcoin.release.xcconfig"; path = "Pods/Target Support Files/Pods-chatcoin/Pods-chatcoin.release.xcconfig"; sourceTree = "<group>"; };
		7B08C25D1E44B0E9002FB869 /* chatcoin.app */ = {isa = PBXFileReference; explicitFileType = wrapper.application; includeInIndex = 0; path = chatcoin.app; sourceTree = BUILT_PRODUCTS_DIR; };
		7B08C2711E44B0E9002FB869 /* Info.plist */ = {isa = PBXFileReference; lastKnownFileType = text.plist.xml; path = Info.plist; sourceTree = "<group>"; };
		7B1D7EE41E460E1D00F2EDD9 /* Assets.xcassets */ = {isa = PBXFileReference; lastKnownFileType = folder.assetcatalog; path = Assets.xcassets; sourceTree = "<group>"; };
		7B1D7EE61E460F6B00F2EDD9 /* chatcoin-Prefix.pch */ = {isa = PBXFileReference; lastKnownFileType = sourcecode.c.h; path = "chatcoin-Prefix.pch"; sourceTree = "<group>"; };
		7BEC0CEF1E46185700A0C71C /* Api.h */ = {isa = PBXFileReference; lastKnownFileType = sourcecode.c.h; path = Api.h; sourceTree = "<group>"; };
		7BEC0CF01E46186700A0C71C /* Config.h */ = {isa = PBXFileReference; lastKnownFileType = sourcecode.c.h; path = Config.h; sourceTree = "<group>"; };
		7BEC0CF11E461A7100A0C71C /* AppDelegate.h */ = {isa = PBXFileReference; fileEncoding = 4; lastKnownFileType = sourcecode.c.h; path = AppDelegate.h; sourceTree = "<group>"; };
		7BEC0CF21E461A7100A0C71C /* AppDelegate.m */ = {isa = PBXFileReference; fileEncoding = 4; lastKnownFileType = sourcecode.c.objc; path = AppDelegate.m; sourceTree = "<group>"; };
		7BEC0CF31E461A7100A0C71C /* main.m */ = {isa = PBXFileReference; fileEncoding = 4; lastKnownFileType = sourcecode.c.objc; path = main.m; sourceTree = "<group>"; };
		7BEC0CF61E461DD800A0C71C /* DAContractViewController.h */ = {isa = PBXFileReference; fileEncoding = 4; lastKnownFileType = sourcecode.c.h; path = DAContractViewController.h; sourceTree = "<group>"; };
		7BEC0CF71E461DD800A0C71C /* DAContractViewController.m */ = {isa = PBXFileReference; fileEncoding = 4; lastKnownFileType = sourcecode.c.objc; path = DAContractViewController.m; sourceTree = "<group>"; };
		7BEC0CF91E461E0000A0C71C /* DAConversationViewController.h */ = {isa = PBXFileReference; fileEncoding = 4; lastKnownFileType = sourcecode.c.h; path = DAConversationViewController.h; sourceTree = "<group>"; };
		7BEC0CFA1E461E0000A0C71C /* DAConversationViewController.m */ = {isa = PBXFileReference; fileEncoding = 4; lastKnownFileType = sourcecode.c.objc; path = DAConversationViewController.m; sourceTree = "<group>"; };
		7BEC0D011E46DEC100A0C71C /* DANavigationController.h */ = {isa = PBXFileReference; fileEncoding = 4; lastKnownFileType = sourcecode.c.h; path = DANavigationController.h; sourceTree = "<group>"; };
		7BEC0D021E46DEC100A0C71C /* DANavigationController.m */ = {isa = PBXFileReference; fileEncoding = 4; lastKnownFileType = sourcecode.c.objc; path = DANavigationController.m; sourceTree = "<group>"; };
		7BEC0D071E46DFDB00A0C71C /* DATabBarController.h */ = {isa = PBXFileReference; fileEncoding = 4; lastKnownFileType = sourcecode.c.h; path = DATabBarController.h; sourceTree = "<group>"; };
		7BEC0D081E46DFDB00A0C71C /* DATabBarController.m */ = {isa = PBXFileReference; fileEncoding = 4; lastKnownFileType = sourcecode.c.objc; path = DATabBarController.m; sourceTree = "<group>"; };
		7BEC0D0B1E46EBCE00A0C71C /* NSDate+LLExt.h */ = {isa = PBXFileReference; fileEncoding = 4; lastKnownFileType = sourcecode.c.h; path = "NSDate+LLExt.h"; sourceTree = "<group>"; };
		7BEC0D0C1E46EBCE00A0C71C /* NSDate+LLExt.m */ = {isa = PBXFileReference; fileEncoding = 4; lastKnownFileType = sourcecode.c.objc; path = "NSDate+LLExt.m"; sourceTree = "<group>"; };
		7BEC0D0D1E46EBCE00A0C71C /* NSString+encrypto.h */ = {isa = PBXFileReference; fileEncoding = 4; lastKnownFileType = sourcecode.c.h; path = "NSString+encrypto.h"; sourceTree = "<group>"; };
		7BEC0D0E1E46EBCE00A0C71C /* NSString+encrypto.m */ = {isa = PBXFileReference; fileEncoding = 4; lastKnownFileType = sourcecode.c.objc; path = "NSString+encrypto.m"; sourceTree = "<group>"; };
		7BEC0D0F1E46EBCE00A0C71C /* UICollectionView+LLExt.h */ = {isa = PBXFileReference; fileEncoding = 4; lastKnownFileType = sourcecode.c.h; path = "UICollectionView+LLExt.h"; sourceTree = "<group>"; };
		7BEC0D101E46EBCE00A0C71C /* UICollectionView+LLExt.m */ = {isa = PBXFileReference; fileEncoding = 4; lastKnownFileType = sourcecode.c.objc; path = "UICollectionView+LLExt.m"; sourceTree = "<group>"; };
		7BEC0D111E46EBCE00A0C71C /* UIColor+LLExt.h */ = {isa = PBXFileReference; fileEncoding = 4; lastKnownFileType = sourcecode.c.h; path = "UIColor+LLExt.h"; sourceTree = "<group>"; };
		7BEC0D121E46EBCE00A0C71C /* UIColor+LLExt.m */ = {isa = PBXFileReference; fileEncoding = 4; lastKnownFileType = sourcecode.c.objc; path = "UIColor+LLExt.m"; sourceTree = "<group>"; };
		7BEC0D131E46EBCE00A0C71C /* UIImage+EMGIF.h */ = {isa = PBXFileReference; fileEncoding = 4; lastKnownFileType = sourcecode.c.h; path = "UIImage+EMGIF.h"; sourceTree = "<group>"; };
		7BEC0D141E46EBCE00A0C71C /* UIImage+EMGIF.m */ = {isa = PBXFileReference; fileEncoding = 4; lastKnownFileType = sourcecode.c.objc; path = "UIImage+EMGIF.m"; sourceTree = "<group>"; };
		7BEC0D151E46EBCE00A0C71C /* UIImage+LLExt.h */ = {isa = PBXFileReference; fileEncoding = 4; lastKnownFileType = sourcecode.c.h; path = "UIImage+LLExt.h"; sourceTree = "<group>"; };
		7BEC0D161E46EBCE00A0C71C /* UIImage+LLExt.m */ = {isa = PBXFileReference; fileEncoding = 4; lastKnownFileType = sourcecode.c.objc; path = "UIImage+LLExt.m"; sourceTree = "<group>"; };
		7BEC0D171E46EBCE00A0C71C /* UIKit+LLExt.h */ = {isa = PBXFileReference; fileEncoding = 4; lastKnownFileType = sourcecode.c.h; path = "UIKit+LLExt.h"; sourceTree = "<group>"; };
		7BEC0D181E46EBCE00A0C71C /* UINavigationBar+LLExt.h */ = {isa = PBXFileReference; fileEncoding = 4; lastKnownFileType = sourcecode.c.h; path = "UINavigationBar+LLExt.h"; sourceTree = "<group>"; };
		7BEC0D191E46EBCE00A0C71C /* UINavigationBar+LLExt.m */ = {isa = PBXFileReference; fileEncoding = 4; lastKnownFileType = sourcecode.c.objc; path = "UINavigationBar+LLExt.m"; sourceTree = "<group>"; };
		7BEC0D1A1E46EBCE00A0C71C /* UIScrollView+LLExt.h */ = {isa = PBXFileReference; fileEncoding = 4; lastKnownFileType = sourcecode.c.h; path = "UIScrollView+LLExt.h"; sourceTree = "<group>"; };
		7BEC0D1B1E46EBCE00A0C71C /* UIScrollView+LLExt.m */ = {isa = PBXFileReference; fileEncoding = 4; lastKnownFileType = sourcecode.c.objc; path = "UIScrollView+LLExt.m"; sourceTree = "<group>"; };
		7BEC0D1C1E46EBCE00A0C71C /* UITableView+LLExt.h */ = {isa = PBXFileReference; fileEncoding = 4; lastKnownFileType = sourcecode.c.h; path = "UITableView+LLExt.h"; sourceTree = "<group>"; };
		7BEC0D1D1E46EBCE00A0C71C /* UITableView+LLExt.m */ = {isa = PBXFileReference; fileEncoding = 4; lastKnownFileType = sourcecode.c.objc; path = "UITableView+LLExt.m"; sourceTree = "<group>"; };
		7BEC0D1E1E46EBCE00A0C71C /* UITextView+LLDebugOnly.h */ = {isa = PBXFileReference; fileEncoding = 4; lastKnownFileType = sourcecode.c.h; path = "UITextView+LLDebugOnly.h"; sourceTree = "<group>"; };
		7BEC0D1F1E46EBCE00A0C71C /* UITextView+LLDebugOnly.m */ = {isa = PBXFileReference; fileEncoding = 4; lastKnownFileType = sourcecode.c.objc; path = "UITextView+LLDebugOnly.m"; sourceTree = "<group>"; };
		7BEC0D2D1E46EF9A00A0C71C /* UIView+LLExt.h */ = {isa = PBXFileReference; fileEncoding = 4; lastKnownFileType = sourcecode.c.h; path = "UIView+LLExt.h"; sourceTree = "<group>"; };
		7BEC0D2E1E46EF9A00A0C71C /* UIView+LLExt.m */ = {isa = PBXFileReference; fileEncoding = 4; lastKnownFileType = sourcecode.c.objc; path = "UIView+LLExt.m"; sourceTree = "<group>"; };
		7BEC0D361E46F71700A0C71C /* Emotion.bundle */ = {isa = PBXFileReference; lastKnownFileType = "wrapper.plug-in"; path = Emotion.bundle; sourceTree = "<group>"; };
		7BEC0D371E46F71700A0C71C /* Emotions.plist */ = {isa = PBXFileReference; fileEncoding = 4; lastKnownFileType = text.plist.xml; path = Emotions.plist; sourceTree = "<group>"; };
		7BEC0D381E46F71700A0C71C /* imageDownloadFail@2x.png */ = {isa = PBXFileReference; lastKnownFileType = image.png; path = "imageDownloadFail@2x.png"; sourceTree = "<group>"; };
		7BEC0D391E46F71700A0C71C /* Media.xcassets */ = {isa = PBXFileReference; lastKnownFileType = folder.assetcatalog; path = Media.xcassets; sourceTree = "<group>"; };
		7BEC0D3A1E46F71700A0C71C /* user@2x.png */ = {isa = PBXFileReference; lastKnownFileType = image.png; path = "user@2x.png"; sourceTree = "<group>"; };
		7BEC0D441E47041D00A0C71C /* LYHomeCell.h */ = {isa = PBXFileReference; fileEncoding = 4; lastKnownFileType = sourcecode.c.h; path = LYHomeCell.h; sourceTree = "<group>"; };
		7BEC0D451E47041D00A0C71C /* LYHomeCell.m */ = {isa = PBXFileReference; fileEncoding = 4; lastKnownFileType = sourcecode.c.objc; path = LYHomeCell.m; sourceTree = "<group>"; };
		7BEC0D4D1E47097F00A0C71C /* LYHomeCellModel.h */ = {isa = PBXFileReference; fileEncoding = 4; lastKnownFileType = sourcecode.c.h; path = LYHomeCellModel.h; sourceTree = "<group>"; };
		7BEC0D4E1E47097F00A0C71C /* LYHomeCellModel.m */ = {isa = PBXFileReference; fileEncoding = 4; lastKnownFileType = sourcecode.c.objc; path = LYHomeCellModel.m; sourceTree = "<group>"; };
		7BEC0D541E470A7E00A0C71C /* DAViewController.h */ = {isa = PBXFileReference; fileEncoding = 4; lastKnownFileType = sourcecode.c.h; path = DAViewController.h; sourceTree = "<group>"; };
		7BEC0D551E470A7E00A0C71C /* DAViewController.m */ = {isa = PBXFileReference; fileEncoding = 4; lastKnownFileType = sourcecode.c.objc; path = DAViewController.m; sourceTree = "<group>"; };
		7BEC0D571E470AA100A0C71C /* DAChatViewController.h */ = {isa = PBXFileReference; fileEncoding = 4; lastKnownFileType = sourcecode.c.h; path = DAChatViewController.h; sourceTree = "<group>"; };
		7BEC0D581E470AA100A0C71C /* DAChatViewController.m */ = {isa = PBXFileReference; fileEncoding = 4; lastKnownFileType = sourcecode.c.objc; path = DAChatViewController.m; sourceTree = "<group>"; };
		7BEC0D5B1E47424C00A0C71C /* LYSideslipCell.h */ = {isa = PBXFileReference; fileEncoding = 4; lastKnownFileType = sourcecode.c.h; path = LYSideslipCell.h; sourceTree = "<group>"; };
		7BEC0D5C1E47424C00A0C71C /* LYSideslipCell.m */ = {isa = PBXFileReference; fileEncoding = 4; lastKnownFileType = sourcecode.c.objc; path = LYSideslipCell.m; sourceTree = "<group>"; };
		7BEC0D5E1E47497E00A0C71C /* libz.tbd */ = {isa = PBXFileReference; lastKnownFileType = "sourcecode.text-based-dylib-definition"; name = libz.tbd; path = usr/lib/libz.tbd; sourceTree = SDKROOT; };
		7BEC0D8F1E4766D900A0C71C /* NSString+Emoji.h */ = {isa = PBXFileReference; fileEncoding = 4; lastKnownFileType = sourcecode.c.h; path = "NSString+Emoji.h"; sourceTree = "<group>"; };
		7BEC0D901E4766D900A0C71C /* NSString+Emoji.m */ = {isa = PBXFileReference; fileEncoding = 4; lastKnownFileType = sourcecode.c.objc; path = "NSString+Emoji.m"; sourceTree = "<group>"; };
		7BEC0D911E4766D900A0C71C /* ChatKeyBoard.h */ = {isa = PBXFileReference; fileEncoding = 4; lastKnownFileType = sourcecode.c.h; path = ChatKeyBoard.h; sourceTree = "<group>"; };
		7BEC0D921E4766D900A0C71C /* ChatKeyBoard.m */ = {isa = PBXFileReference; fileEncoding = 4; lastKnownFileType = sourcecode.c.objc; path = ChatKeyBoard.m; sourceTree = "<group>"; };
		7BEC0D931E4766D900A0C71C /* ChatKeyBoardMacroDefine.h */ = {isa = PBXFileReference; fileEncoding = 4; lastKnownFileType = sourcecode.c.h; path = ChatKeyBoardMacroDefine.h; sourceTree = "<group>"; };
		7BEC0D951E4766D900A0C71C /* ChatToolBarItem.h */ = {isa = PBXFileReference; fileEncoding = 4; lastKnownFileType = sourcecode.c.h; path = ChatToolBarItem.h; sourceTree = "<group>"; };
		7BEC0D961E4766D900A0C71C /* ChatToolBarItem.m */ = {isa = PBXFileReference; fileEncoding = 4; lastKnownFileType = sourcecode.c.objc; path = ChatToolBarItem.m; sourceTree = "<group>"; };
		7BEC0D971E4766D900A0C71C /* FaceThemeModel.h */ = {isa = PBXFileReference; fileEncoding = 4; lastKnownFileType = sourcecode.c.h; path = FaceThemeModel.h; sourceTree = "<group>"; };
		7BEC0D981E4766D900A0C71C /* FaceThemeModel.m */ = {isa = PBXFileReference; fileEncoding = 4; lastKnownFileType = sourcecode.c.objc; path = FaceThemeModel.m; sourceTree = "<group>"; };
		7BEC0D991E4766D900A0C71C /* MoreItem.h */ = {isa = PBXFileReference; fileEncoding = 4; lastKnownFileType = sourcecode.c.h; path = MoreItem.h; sourceTree = "<group>"; };
		7BEC0D9A1E4766D900A0C71C /* MoreItem.m */ = {isa = PBXFileReference; fileEncoding = 4; lastKnownFileType = sourcecode.c.objc; path = MoreItem.m; sourceTree = "<group>"; };
		7BEC0D9C1E4766D900A0C71C /* emotion.plist */ = {isa = PBXFileReference; fileEncoding = 4; lastKnownFileType = text.plist.xml; path = emotion.plist; sourceTree = "<group>"; };
		7BEC0D9D1E4766D900A0C71C /* face.plist */ = {isa = PBXFileReference; fileEncoding = 4; lastKnownFileType = text.plist.xml; path = face.plist; sourceTree = "<group>"; };
		7BEC0D9E1E4766D900A0C71C /* systemEmoji.plist */ = {isa = PBXFileReference; fileEncoding = 4; lastKnownFileType = text.plist.xml; path = systemEmoji.plist; sourceTree = "<group>"; };
		7BEC0DA11E4766D900A0C71C /* FaceButton.h */ = {isa = PBXFileReference; fileEncoding = 4; lastKnownFileType = sourcecode.c.h; path = FaceButton.h; sourceTree = "<group>"; };
		7BEC0DA21E4766D900A0C71C /* FaceButton.m */ = {isa = PBXFileReference; fileEncoding = 4; lastKnownFileType = sourcecode.c.objc; path = FaceButton.m; sourceTree = "<group>"; };
		7BEC0DA31E4766D900A0C71C /* FacePageView.h */ = {isa = PBXFileReference; fileEncoding = 4; lastKnownFileType = sourcecode.c.h; path = FacePageView.h; sourceTree = "<group>"; };
		7BEC0DA41E4766D900A0C71C /* FacePageView.m */ = {isa = PBXFileReference; fileEncoding = 4; lastKnownFileType = sourcecode.c.objc; path = FacePageView.m; sourceTree = "<group>"; };
		7BEC0DA51E4766D900A0C71C /* FacePanel.h */ = {isa = PBXFileReference; fileEncoding = 4; lastKnownFileType = sourcecode.c.h; path = FacePanel.h; sourceTree = "<group>"; };
		7BEC0DA61E4766D900A0C71C /* FacePanel.m */ = {isa = PBXFileReference; fileEncoding = 4; lastKnownFileType = sourcecode.c.objc; path = FacePanel.m; sourceTree = "<group>"; };
		7BEC0DA71E4766D900A0C71C /* FaceThemeView.h */ = {isa = PBXFileReference; fileEncoding = 4; lastKnownFileType = sourcecode.c.h; path = FaceThemeView.h; sourceTree = "<group>"; };
		7BEC0DA81E4766D900A0C71C /* FaceThemeView.m */ = {isa = PBXFileReference; fileEncoding = 4; lastKnownFileType = sourcecode.c.objc; path = FaceThemeView.m; sourceTree = "<group>"; };
		7BEC0DA91E4766D900A0C71C /* PanelBottomView.h */ = {isa = PBXFileReference; fileEncoding = 4; lastKnownFileType = sourcecode.c.h; path = PanelBottomView.h; sourceTree = "<group>"; };
		7BEC0DAA1E4766D900A0C71C /* PanelBottomView.m */ = {isa = PBXFileReference; fileEncoding = 4; lastKnownFileType = sourcecode.c.objc; path = PanelBottomView.m; sourceTree = "<group>"; };
		7BEC0DAC1E4766D900A0C71C /* MorePanel.h */ = {isa = PBXFileReference; fileEncoding = 4; lastKnownFileType = sourcecode.c.h; path = MorePanel.h; sourceTree = "<group>"; };
		7BEC0DAD1E4766D900A0C71C /* MorePanel.m */ = {isa = PBXFileReference; fileEncoding = 4; lastKnownFileType = sourcecode.c.objc; path = MorePanel.m; sourceTree = "<group>"; };
		7BEC0DAF1E4766D900A0C71C /* ChatToolBar.h */ = {isa = PBXFileReference; fileEncoding = 4; lastKnownFileType = sourcecode.c.h; path = ChatToolBar.h; sourceTree = "<group>"; };
		7BEC0DB01E4766D900A0C71C /* ChatToolBar.m */ = {isa = PBXFileReference; fileEncoding = 4; lastKnownFileType = sourcecode.c.objc; path = ChatToolBar.m; sourceTree = "<group>"; };
		7BEC0DB11E4766D900A0C71C /* OfficialAccountToolbar.h */ = {isa = PBXFileReference; fileEncoding = 4; lastKnownFileType = sourcecode.c.h; path = OfficialAccountToolbar.h; sourceTree = "<group>"; };
		7BEC0DB21E4766D900A0C71C /* OfficialAccountToolbar.m */ = {isa = PBXFileReference; fileEncoding = 4; lastKnownFileType = sourcecode.c.objc; path = OfficialAccountToolbar.m; sourceTree = "<group>"; };
		7BEC0DB31E4766D900A0C71C /* RFRecordButton.h */ = {isa = PBXFileReference; fileEncoding = 4; lastKnownFileType = sourcecode.c.h; path = RFRecordButton.h; sourceTree = "<group>"; };
		7BEC0DB41E4766D900A0C71C /* RFRecordButton.m */ = {isa = PBXFileReference; fileEncoding = 4; lastKnownFileType = sourcecode.c.objc; path = RFRecordButton.m; sourceTree = "<group>"; };
		7BEC0DB51E4766D900A0C71C /* RFTextView.h */ = {isa = PBXFileReference; fileEncoding = 4; lastKnownFileType = sourcecode.c.h; path = RFTextView.h; sourceTree = "<group>"; };
		7BEC0DB61E4766D900A0C71C /* RFTextView.m */ = {isa = PBXFileReference; fileEncoding = 4; lastKnownFileType = sourcecode.c.objc; path = RFTextView.m; sourceTree = "<group>"; };
		7BEC0DC91E47689F00A0C71C /* FaceSourceManager.h */ = {isa = PBXFileReference; fileEncoding = 4; lastKnownFileType = sourcecode.c.h; path = FaceSourceManager.h; sourceTree = "<group>"; };
		7BEC0DCA1E47689F00A0C71C /* FaceSourceManager.m */ = {isa = PBXFileReference; fileEncoding = 4; lastKnownFileType = sourcecode.c.objc; path = FaceSourceManager.m; sourceTree = "<group>"; };
		7BEC0DEB1E483DDA00A0C71C /* DAProfilesViewController.h */ = {isa = PBXFileReference; fileEncoding = 4; lastKnownFileType = sourcecode.c.h; path = DAProfilesViewController.h; sourceTree = "<group>"; };
		7BEC0DEC1E483DDA00A0C71C /* DAProfilesViewController.m */ = {isa = PBXFileReference; fileEncoding = 4; lastKnownFileType = sourcecode.c.objc; path = DAProfilesViewController.m; sourceTree = "<group>"; };
		7BEC0DEE1E49C4EF00A0C71C /* LLColors.h */ = {isa = PBXFileReference; lastKnownFileType = sourcecode.c.h; path = LLColors.h; sourceTree = "<group>"; };
		9D7D35D514777E16BC56E929 /* Pods-chatcoin.debug.xcconfig */ = {isa = PBXFileReference; includeInIndex = 1; lastKnownFileType = text.xcconfig; name = "Pods-chatcoin.debug.xcconfig"; path = "Pods/Target Support Files/Pods-chatcoin/Pods-chatcoin.debug.xcconfig"; sourceTree = "<group>"; };
/* End PBXFileReference section */

/* Begin PBXFrameworksBuildPhase section */
		7B08C25A1E44B0E9002FB869 /* Frameworks */ = {
			isa = PBXFrameworksBuildPhase;
			buildActionMask = 2147483647;
			files = (
				7BEC0D5F1E47497E00A0C71C /* libz.tbd in Frameworks */,
				665F9556B3B824B9056A9800 /* Pods_chatcoin.framework in Frameworks */,
			);
			runOnlyForDeploymentPostprocessing = 0;
		};
/* End PBXFrameworksBuildPhase section */

/* Begin PBXGroup section */
		073B139D7BD5352EE1887495 /* Pods */ = {
			isa = PBXGroup;
			children = (
				9D7D35D514777E16BC56E929 /* Pods-chatcoin.debug.xcconfig */,
				3278594E7C5912FABB1083AE /* Pods-chatcoin.release.xcconfig */,
			);
			name = Pods;
			sourceTree = "<group>";
		};
		7B08C2541E44B0E9002FB869 = {
			isa = PBXGroup;
			children = (
				7B08C25F1E44B0E9002FB869 /* chatcoin */,
				7B08C25E1E44B0E9002FB869 /* Products */,
				073B139D7BD5352EE1887495 /* Pods */,
				DFA3C84F25F72B5294F0E527 /* Frameworks */,
			);
			sourceTree = "<group>";
		};
		7B08C25E1E44B0E9002FB869 /* Products */ = {
			isa = PBXGroup;
			children = (
				7B08C25D1E44B0E9002FB869 /* chatcoin.app */,
			);
			name = Products;
			sourceTree = "<group>";
		};
		7B08C25F1E44B0E9002FB869 /* chatcoin */ = {
			isa = PBXGroup;
			children = (
				7BEC0CD31E4617FC00A0C71C /* Class */,
				7BEC0D351E46F71700A0C71C /* Resources */,
				7B08C2601E44B0E9002FB869 /* Supporting Files */,
			);
			path = chatcoin;
			sourceTree = "<group>";
		};
		7B08C2601E44B0E9002FB869 /* Supporting Files */ = {
			isa = PBXGroup;
			children = (
				7B1D7EE41E460E1D00F2EDD9 /* Assets.xcassets */,
				7B08C2711E44B0E9002FB869 /* Info.plist */,
				7B1D7EE61E460F6B00F2EDD9 /* chatcoin-Prefix.pch */,
			);
			name = "Supporting Files";
			sourceTree = "<group>";
		};
		7BEC0CD31E4617FC00A0C71C /* Class */ = {
			isa = PBXGroup;
			children = (
				7BEC0CF11E461A7100A0C71C /* AppDelegate.h */,
				7BEC0CF21E461A7100A0C71C /* AppDelegate.m */,
				7BEC0CF31E461A7100A0C71C /* main.m */,
				7BEC0CD41E4617FC00A0C71C /* Client */,
				7BEC0CEA1E4617FC00A0C71C /* General */,
				7BEC0CEB1E4617FC00A0C71C /* Libs */,
				7BEC0CEC1E4617FC00A0C71C /* Tools */,
			);
			path = Class;
			sourceTree = "<group>";
		};
		7BEC0CD41E4617FC00A0C71C /* Client */ = {
			isa = PBXGroup;
			children = (
				7BEC0CE11E4617FC00A0C71C /* Main */,
				7BEC0CD91E4617FC00A0C71C /* Conversation */,
				7BEC0D501E470A1D00A0C71C /* Chat */,
				7BEC0CD51E4617FC00A0C71C /* Contact */,
				7BEC0DE71E483DC000A0C71C /* Profiles */,
				7BEC0CDD1E4617FC00A0C71C /* Login */,
				7BEC0CE61E4617FC00A0C71C /* Search */,
			);
			path = Client;
			sourceTree = "<group>";
		};
		7BEC0CD51E4617FC00A0C71C /* Contact */ = {
			isa = PBXGroup;
			children = (
				7BEC0CD61E4617FC00A0C71C /* Controller */,
				7BEC0CD71E4617FC00A0C71C /* Model */,
				7BEC0CD81E4617FC00A0C71C /* View */,
			);
			path = Contact;
			sourceTree = "<group>";
		};
		7BEC0CD61E4617FC00A0C71C /* Controller */ = {
			isa = PBXGroup;
			children = (
				7BEC0CF61E461DD800A0C71C /* DAContractViewController.h */,
				7BEC0CF71E461DD800A0C71C /* DAContractViewController.m */,
			);
			path = Controller;
			sourceTree = "<group>";
		};
		7BEC0CD71E4617FC00A0C71C /* Model */ = {
			isa = PBXGroup;
			children = (
			);
			path = Model;
			sourceTree = "<group>";
		};
		7BEC0CD81E4617FC00A0C71C /* View */ = {
			isa = PBXGroup;
			children = (
			);
			path = View;
			sourceTree = "<group>";
		};
		7BEC0CD91E4617FC00A0C71C /* Conversation */ = {
			isa = PBXGroup;
			children = (
				7BEC0CDA1E4617FC00A0C71C /* Controller */,
				7BEC0CDB1E4617FC00A0C71C /* Model */,
				7BEC0CDC1E4617FC00A0C71C /* View */,
			);
			path = Conversation;
			sourceTree = "<group>";
		};
		7BEC0CDA1E4617FC00A0C71C /* Controller */ = {
			isa = PBXGroup;
			children = (
				7BEC0CF91E461E0000A0C71C /* DAConversationViewController.h */,
				7BEC0CFA1E461E0000A0C71C /* DAConversationViewController.m */,
			);
			path = Controller;
			sourceTree = "<group>";
		};
		7BEC0CDB1E4617FC00A0C71C /* Model */ = {
			isa = PBXGroup;
			children = (
				7BEC0D4D1E47097F00A0C71C /* LYHomeCellModel.h */,
				7BEC0D4E1E47097F00A0C71C /* LYHomeCellModel.m */,
			);
			path = Model;
			sourceTree = "<group>";
		};
		7BEC0CDC1E4617FC00A0C71C /* View */ = {
			isa = PBXGroup;
			children = (
				7BEC0D441E47041D00A0C71C /* LYHomeCell.h */,
				7BEC0D451E47041D00A0C71C /* LYHomeCell.m */,
			);
			path = View;
			sourceTree = "<group>";
		};
		7BEC0CDD1E4617FC00A0C71C /* Login */ = {
			isa = PBXGroup;
			children = (
				7BEC0CDE1E4617FC00A0C71C /* Controller */,
				7BEC0CDF1E4617FC00A0C71C /* Model */,
				7BEC0CE01E4617FC00A0C71C /* View */,
			);
			path = Login;
			sourceTree = "<group>";
		};
		7BEC0CDE1E4617FC00A0C71C /* Controller */ = {
			isa = PBXGroup;
			children = (
			);
			path = Controller;
			sourceTree = "<group>";
		};
		7BEC0CDF1E4617FC00A0C71C /* Model */ = {
			isa = PBXGroup;
			children = (
			);
			path = Model;
			sourceTree = "<group>";
		};
		7BEC0CE01E4617FC00A0C71C /* View */ = {
			isa = PBXGroup;
			children = (
			);
			path = View;
			sourceTree = "<group>";
		};
		7BEC0CE11E4617FC00A0C71C /* Main */ = {
			isa = PBXGroup;
			children = (
				7BEC0D011E46DEC100A0C71C /* DANavigationController.h */,
				7BEC0D021E46DEC100A0C71C /* DANavigationController.m */,
				7BEC0D071E46DFDB00A0C71C /* DATabBarController.h */,
				7BEC0D081E46DFDB00A0C71C /* DATabBarController.m */,
				7BEC0D541E470A7E00A0C71C /* DAViewController.h */,
				7BEC0D551E470A7E00A0C71C /* DAViewController.m */,
			);
			path = Main;
			sourceTree = "<group>";
		};
		7BEC0CE61E4617FC00A0C71C /* Search */ = {
			isa = PBXGroup;
			children = (
				7BEC0CE71E4617FC00A0C71C /* Controller */,
				7BEC0CE81E4617FC00A0C71C /* Model */,
				7BEC0CE91E4617FC00A0C71C /* View */,
			);
			path = Search;
			sourceTree = "<group>";
		};
		7BEC0CE71E4617FC00A0C71C /* Controller */ = {
			isa = PBXGroup;
			children = (
			);
			path = Controller;
			sourceTree = "<group>";
		};
		7BEC0CE81E4617FC00A0C71C /* Model */ = {
			isa = PBXGroup;
			children = (
			);
			path = Model;
			sourceTree = "<group>";
		};
		7BEC0CE91E4617FC00A0C71C /* View */ = {
			isa = PBXGroup;
			children = (
			);
			path = View;
			sourceTree = "<group>";
		};
		7BEC0CEA1E4617FC00A0C71C /* General */ = {
			isa = PBXGroup;
			children = (
			);
			path = General;
			sourceTree = "<group>";
		};
		7BEC0CEB1E4617FC00A0C71C /* Libs */ = {
			isa = PBXGroup;
			children = (
				7BEC0D8D1E4766D900A0C71C /* KeyBoard */,
				7BEC0D5A1E47424C00A0C71C /* SideslipCell */,
			);
			path = Libs;
			sourceTree = "<group>";
		};
		7BEC0CEC1E4617FC00A0C71C /* Tools */ = {
			isa = PBXGroup;
			children = (
				7BEC0D0A1E46EBCE00A0C71C /* Category */,
				7BEC0CED1E4617FC00A0C71C /* Cache */,
				7BEC0CEE1E4617FC00A0C71C /* Config */,
			);
			path = Tools;
			sourceTree = "<group>";
		};
		7BEC0CED1E4617FC00A0C71C /* Cache */ = {
			isa = PBXGroup;
			children = (
			);
			path = Cache;
			sourceTree = "<group>";
		};
		7BEC0CEE1E4617FC00A0C71C /* Config */ = {
			isa = PBXGroup;
			children = (
				7BEC0DEE1E49C4EF00A0C71C /* LLColors.h */,
				7BEC0CEF1E46185700A0C71C /* Api.h */,
				7BEC0CF01E46186700A0C71C /* Config.h */,
			);
			path = Config;
			sourceTree = "<group>";
		};
		7BEC0D0A1E46EBCE00A0C71C /* Category */ = {
			isa = PBXGroup;
			children = (
				7BEC0D0B1E46EBCE00A0C71C /* NSDate+LLExt.h */,
				7BEC0D0C1E46EBCE00A0C71C /* NSDate+LLExt.m */,
				7BEC0D0D1E46EBCE00A0C71C /* NSString+encrypto.h */,
				7BEC0D0E1E46EBCE00A0C71C /* NSString+encrypto.m */,
				7BEC0D0F1E46EBCE00A0C71C /* UICollectionView+LLExt.h */,
				7BEC0D101E46EBCE00A0C71C /* UICollectionView+LLExt.m */,
				7BEC0D111E46EBCE00A0C71C /* UIColor+LLExt.h */,
				7BEC0D121E46EBCE00A0C71C /* UIColor+LLExt.m */,
				7BEC0D131E46EBCE00A0C71C /* UIImage+EMGIF.h */,
				7BEC0D141E46EBCE00A0C71C /* UIImage+EMGIF.m */,
				7BEC0D151E46EBCE00A0C71C /* UIImage+LLExt.h */,
				7BEC0D161E46EBCE00A0C71C /* UIImage+LLExt.m */,
				7BEC0D171E46EBCE00A0C71C /* UIKit+LLExt.h */,
				7BEC0D181E46EBCE00A0C71C /* UINavigationBar+LLExt.h */,
				7BEC0D191E46EBCE00A0C71C /* UINavigationBar+LLExt.m */,
				7BEC0D1A1E46EBCE00A0C71C /* UIScrollView+LLExt.h */,
				7BEC0D1B1E46EBCE00A0C71C /* UIScrollView+LLExt.m */,
				7BEC0D1C1E46EBCE00A0C71C /* UITableView+LLExt.h */,
				7BEC0D1D1E46EBCE00A0C71C /* UITableView+LLExt.m */,
				7BEC0D1E1E46EBCE00A0C71C /* UITextView+LLDebugOnly.h */,
				7BEC0D1F1E46EBCE00A0C71C /* UITextView+LLDebugOnly.m */,
				7BEC0D2D1E46EF9A00A0C71C /* UIView+LLExt.h */,
				7BEC0D2E1E46EF9A00A0C71C /* UIView+LLExt.m */,
			);
			path = Category;
			sourceTree = "<group>";
		};
		7BEC0D351E46F71700A0C71C /* Resources */ = {
			isa = PBXGroup;
			children = (
				7BEC0D361E46F71700A0C71C /* Emotion.bundle */,
				7BEC0D371E46F71700A0C71C /* Emotions.plist */,
				7BEC0D381E46F71700A0C71C /* imageDownloadFail@2x.png */,
				7BEC0D391E46F71700A0C71C /* Media.xcassets */,
				7BEC0D3A1E46F71700A0C71C /* user@2x.png */,
			);
			name = Resources;
			path = Class/Resources;
			sourceTree = "<group>";
		};
		7BEC0D501E470A1D00A0C71C /* Chat */ = {
			isa = PBXGroup;
			children = (
				7BEC0D511E470A1D00A0C71C /* Controller */,
				7BEC0D521E470A1D00A0C71C /* Model */,
				7BEC0D531E470A1D00A0C71C /* View */,
			);
			path = Chat;
			sourceTree = "<group>";
		};
		7BEC0D511E470A1D00A0C71C /* Controller */ = {
			isa = PBXGroup;
			children = (
				7BEC0D571E470AA100A0C71C /* DAChatViewController.h */,
				7BEC0D581E470AA100A0C71C /* DAChatViewController.m */,
			);
			path = Controller;
			sourceTree = "<group>";
		};
		7BEC0D521E470A1D00A0C71C /* Model */ = {
			isa = PBXGroup;
			children = (
			);
			path = Model;
			sourceTree = "<group>";
		};
		7BEC0D531E470A1D00A0C71C /* View */ = {
			isa = PBXGroup;
			children = (
			);
			path = View;
			sourceTree = "<group>";
		};
		7BEC0D5A1E47424C00A0C71C /* SideslipCell */ = {
			isa = PBXGroup;
			children = (
				7BEC0D5B1E47424C00A0C71C /* LYSideslipCell.h */,
				7BEC0D5C1E47424C00A0C71C /* LYSideslipCell.m */,
			);
			path = SideslipCell;
			sourceTree = "<group>";
		};
		7BEC0D8D1E4766D900A0C71C /* KeyBoard */ = {
			isa = PBXGroup;
			children = (
				7BEC0D8E1E4766D900A0C71C /* Cagegory */,
				7BEC0D911E4766D900A0C71C /* ChatKeyBoard.h */,
				7BEC0D921E4766D900A0C71C /* ChatKeyBoard.m */,
				7BEC0D931E4766D900A0C71C /* ChatKeyBoardMacroDefine.h */,
				7BEC0D941E4766D900A0C71C /* Models */,
				7BEC0D9B1E4766D900A0C71C /* plist */,
				7BEC0D9F1E4766D900A0C71C /* Views */,
			);
			path = KeyBoard;
			sourceTree = "<group>";
		};
		7BEC0D8E1E4766D900A0C71C /* Cagegory */ = {
			isa = PBXGroup;
			children = (
				7BEC0D8F1E4766D900A0C71C /* NSString+Emoji.h */,
				7BEC0D901E4766D900A0C71C /* NSString+Emoji.m */,
			);
			path = Cagegory;
			sourceTree = "<group>";
		};
		7BEC0D941E4766D900A0C71C /* Models */ = {
			isa = PBXGroup;
			children = (
				7BEC0DC91E47689F00A0C71C /* FaceSourceManager.h */,
				7BEC0DCA1E47689F00A0C71C /* FaceSourceManager.m */,
				7BEC0D951E4766D900A0C71C /* ChatToolBarItem.h */,
				7BEC0D961E4766D900A0C71C /* ChatToolBarItem.m */,
				7BEC0D971E4766D900A0C71C /* FaceThemeModel.h */,
				7BEC0D981E4766D900A0C71C /* FaceThemeModel.m */,
				7BEC0D991E4766D900A0C71C /* MoreItem.h */,
				7BEC0D9A1E4766D900A0C71C /* MoreItem.m */,
			);
			path = Models;
			sourceTree = "<group>";
		};
		7BEC0D9B1E4766D900A0C71C /* plist */ = {
			isa = PBXGroup;
			children = (
				7BEC0D9C1E4766D900A0C71C /* emotion.plist */,
				7BEC0D9D1E4766D900A0C71C /* face.plist */,
				7BEC0D9E1E4766D900A0C71C /* systemEmoji.plist */,
			);
			path = plist;
			sourceTree = "<group>";
		};
		7BEC0D9F1E4766D900A0C71C /* Views */ = {
			isa = PBXGroup;
			children = (
				7BEC0DA01E4766D900A0C71C /* FacePanel */,
				7BEC0DAB1E4766D900A0C71C /* MorePanel */,
				7BEC0DAE1E4766D900A0C71C /* ToolBarPanel */,
			);
			path = Views;
			sourceTree = "<group>";
		};
		7BEC0DA01E4766D900A0C71C /* FacePanel */ = {
			isa = PBXGroup;
			children = (
				7BEC0DA11E4766D900A0C71C /* FaceButton.h */,
				7BEC0DA21E4766D900A0C71C /* FaceButton.m */,
				7BEC0DA31E4766D900A0C71C /* FacePageView.h */,
				7BEC0DA41E4766D900A0C71C /* FacePageView.m */,
				7BEC0DA51E4766D900A0C71C /* FacePanel.h */,
				7BEC0DA61E4766D900A0C71C /* FacePanel.m */,
				7BEC0DA71E4766D900A0C71C /* FaceThemeView.h */,
				7BEC0DA81E4766D900A0C71C /* FaceThemeView.m */,
				7BEC0DA91E4766D900A0C71C /* PanelBottomView.h */,
				7BEC0DAA1E4766D900A0C71C /* PanelBottomView.m */,
			);
			path = FacePanel;
			sourceTree = "<group>";
		};
		7BEC0DAB1E4766D900A0C71C /* MorePanel */ = {
			isa = PBXGroup;
			children = (
				7BEC0DAC1E4766D900A0C71C /* MorePanel.h */,
				7BEC0DAD1E4766D900A0C71C /* MorePanel.m */,
			);
			path = MorePanel;
			sourceTree = "<group>";
		};
		7BEC0DAE1E4766D900A0C71C /* ToolBarPanel */ = {
			isa = PBXGroup;
			children = (
				7BEC0DAF1E4766D900A0C71C /* ChatToolBar.h */,
				7BEC0DB01E4766D900A0C71C /* ChatToolBar.m */,
				7BEC0DB11E4766D900A0C71C /* OfficialAccountToolbar.h */,
				7BEC0DB21E4766D900A0C71C /* OfficialAccountToolbar.m */,
				7BEC0DB31E4766D900A0C71C /* RFRecordButton.h */,
				7BEC0DB41E4766D900A0C71C /* RFRecordButton.m */,
				7BEC0DB51E4766D900A0C71C /* RFTextView.h */,
				7BEC0DB61E4766D900A0C71C /* RFTextView.m */,
			);
			path = ToolBarPanel;
			sourceTree = "<group>";
		};
		7BEC0DE71E483DC000A0C71C /* Profiles */ = {
			isa = PBXGroup;
			children = (
				7BEC0DE81E483DC000A0C71C /* Controller */,
				7BEC0DE91E483DC000A0C71C /* Model */,
				7BEC0DEA1E483DC000A0C71C /* View */,
			);
			name = Profiles;
			path = chatcoin/Class/Client/Profiles;
			sourceTree = SOURCE_ROOT;
		};
		7BEC0DE81E483DC000A0C71C /* Controller */ = {
			isa = PBXGroup;
			children = (
				7BEC0DEB1E483DDA00A0C71C /* DAProfilesViewController.h */,
				7BEC0DEC1E483DDA00A0C71C /* DAProfilesViewController.m */,
			);
			path = Controller;
			sourceTree = "<group>";
		};
		7BEC0DE91E483DC000A0C71C /* Model */ = {
			isa = PBXGroup;
			children = (
			);
			path = Model;
			sourceTree = "<group>";
		};
		7BEC0DEA1E483DC000A0C71C /* View */ = {
			isa = PBXGroup;
			children = (
			);
			path = View;
			sourceTree = "<group>";
		};
		DFA3C84F25F72B5294F0E527 /* Frameworks */ = {
			isa = PBXGroup;
			children = (
				7BEC0D5E1E47497E00A0C71C /* libz.tbd */,
				09FB3C673239EFB999BD1FF4 /* Pods_chatcoin.framework */,
			);
			name = Frameworks;
			sourceTree = "<group>";
		};
/* End PBXGroup section */

/* Begin PBXNativeTarget section */
		7B08C25C1E44B0E9002FB869 /* chatcoin */ = {
			isa = PBXNativeTarget;
			buildConfigurationList = 7B08C2741E44B0E9002FB869 /* Build configuration list for PBXNativeTarget "chatcoin" */;
			buildPhases = (
				AD21F95C6EFA3F86609E76F5 /* [CP] Check Pods Manifest.lock */,
				7B08C2591E44B0E9002FB869 /* Sources */,
				7B08C25A1E44B0E9002FB869 /* Frameworks */,
				7B08C25B1E44B0E9002FB869 /* Resources */,
				9F0043785693A00568CCB500 /* [CP] Embed Pods Frameworks */,
				CFE88DC4ECA0E82B8AB1B798 /* [CP] Copy Pods Resources */,
			);
			buildRules = (
			);
			dependencies = (
			);
			name = chatcoin;
			productName = chatcoin;
			productReference = 7B08C25D1E44B0E9002FB869 /* chatcoin.app */;
			productType = "com.apple.product-type.application";
		};
/* End PBXNativeTarget section */

/* Begin PBXProject section */
		7B08C2551E44B0E9002FB869 /* Project object */ = {
			isa = PBXProject;
			attributes = {
				CLASSPREFIX = DA;
				LastUpgradeCheck = 0810;
				ORGANIZATIONNAME = okerivy;
				TargetAttributes = {
					7B08C25C1E44B0E9002FB869 = {
						CreatedOnToolsVersion = 8.1;
						DevelopmentTeam = 4Y93JD58KW;
						ProvisioningStyle = Automatic;
					};
				};
			};
			buildConfigurationList = 7B08C2581E44B0E9002FB869 /* Build configuration list for PBXProject "chatcoin" */;
			compatibilityVersion = "Xcode 3.2";
			developmentRegion = English;
			hasScannedForEncodings = 0;
			knownRegions = (
				en,
				Base,
			);
			mainGroup = 7B08C2541E44B0E9002FB869;
			productRefGroup = 7B08C25E1E44B0E9002FB869 /* Products */;
			projectDirPath = "";
			projectRoot = "";
			targets = (
				7B08C25C1E44B0E9002FB869 /* chatcoin */,
			);
		};
/* End PBXProject section */

/* Begin PBXResourcesBuildPhase section */
		7B08C25B1E44B0E9002FB869 /* Resources */ = {
			isa = PBXResourcesBuildPhase;
			buildActionMask = 2147483647;
			files = (
				7BEC0D3B1E46F71700A0C71C /* Emotion.bundle in Resources */,
				7BEC0D3D1E46F71700A0C71C /* imageDownloadFail@2x.png in Resources */,
				7BEC0D3C1E46F71700A0C71C /* Emotions.plist in Resources */,
				7BEC0DBD1E4766D900A0C71C /* face.plist in Resources */,
				7BEC0DBE1E4766D900A0C71C /* systemEmoji.plist in Resources */,
				7BEC0D3F1E46F71700A0C71C /* user@2x.png in Resources */,
				7BEC0D3E1E46F71700A0C71C /* Media.xcassets in Resources */,
				7BEC0DBC1E4766D900A0C71C /* emotion.plist in Resources */,
				7B1D7EE51E460E1D00F2EDD9 /* Assets.xcassets in Resources */,
			);
			runOnlyForDeploymentPostprocessing = 0;
		};
/* End PBXResourcesBuildPhase section */

/* Begin PBXShellScriptBuildPhase section */
		9F0043785693A00568CCB500 /* [CP] Embed Pods Frameworks */ = {
			isa = PBXShellScriptBuildPhase;
			buildActionMask = 2147483647;
			files = (
			);
			inputPaths = (
			);
			name = "[CP] Embed Pods Frameworks";
			outputPaths = (
			);
			runOnlyForDeploymentPostprocessing = 0;
			shellPath = /bin/sh;
			shellScript = "\"${SRCROOT}/Pods/Target Support Files/Pods-chatcoin/Pods-chatcoin-frameworks.sh\"\n";
			showEnvVarsInLog = 0;
		};
		AD21F95C6EFA3F86609E76F5 /* [CP] Check Pods Manifest.lock */ = {
			isa = PBXShellScriptBuildPhase;
			buildActionMask = 2147483647;
			files = (
			);
			inputPaths = (
			);
			name = "[CP] Check Pods Manifest.lock";
			outputPaths = (
			);
			runOnlyForDeploymentPostprocessing = 0;
			shellPath = /bin/sh;
			shellScript = "diff \"${PODS_ROOT}/../Podfile.lock\" \"${PODS_ROOT}/Manifest.lock\" > /dev/null\nif [ $? != 0 ] ; then\n    # print error to STDERR\n    echo \"error: The sandbox is not in sync with the Podfile.lock. Run 'pod install' or update your CocoaPods installation.\" >&2\n    exit 1\nfi\n";
			showEnvVarsInLog = 0;
		};
		CFE88DC4ECA0E82B8AB1B798 /* [CP] Copy Pods Resources */ = {
			isa = PBXShellScriptBuildPhase;
			buildActionMask = 2147483647;
			files = (
			);
			inputPaths = (
			);
			name = "[CP] Copy Pods Resources";
			outputPaths = (
			);
			runOnlyForDeploymentPostprocessing = 0;
			shellPath = /bin/sh;
			shellScript = "\"${SRCROOT}/Pods/Target Support Files/Pods-chatcoin/Pods-chatcoin-resources.sh\"\n";
			showEnvVarsInLog = 0;
		};
/* End PBXShellScriptBuildPhase section */

/* Begin PBXSourcesBuildPhase section */
		7B08C2591E44B0E9002FB869 /* Sources */ = {
			isa = PBXSourcesBuildPhase;
			buildActionMask = 2147483647;
			files = (
				7BEC0DC51E4766D900A0C71C /* ChatToolBar.m in Sources */,
				7BEC0DBA1E4766D900A0C71C /* FaceThemeModel.m in Sources */,
				7BEC0D251E46EBCE00A0C71C /* UIColor+LLExt.m in Sources */,
				7BEC0D291E46EBCE00A0C71C /* UIScrollView+LLExt.m in Sources */,
				7BEC0D241E46EBCE00A0C71C /* UICollectionView+LLExt.m in Sources */,
				7BEC0DC61E4766D900A0C71C /* OfficialAccountToolbar.m in Sources */,
				7BEC0DB81E4766D900A0C71C /* ChatKeyBoard.m in Sources */,
				7BEC0DC01E4766D900A0C71C /* FacePageView.m in Sources */,
				7BEC0D2A1E46EBCE00A0C71C /* UITableView+LLExt.m in Sources */,
				7BEC0D561E470A7E00A0C71C /* DAViewController.m in Sources */,
				7BEC0D4F1E47097F00A0C71C /* LYHomeCellModel.m in Sources */,
				7BEC0CFB1E461E0000A0C71C /* DAConversationViewController.m in Sources */,
				7BEC0CF81E461DD800A0C71C /* DAContractViewController.m in Sources */,
				7BEC0D231E46EBCE00A0C71C /* NSString+encrypto.m in Sources */,
				7BEC0D091E46DFDB00A0C71C /* DATabBarController.m in Sources */,
				7BEC0D261E46EBCE00A0C71C /* UIImage+EMGIF.m in Sources */,
				7BEC0DBB1E4766D900A0C71C /* MoreItem.m in Sources */,
				7BEC0D2B1E46EBCE00A0C71C /* UITextView+LLDebugOnly.m in Sources */,
				7BEC0D5D1E47424C00A0C71C /* LYSideslipCell.m in Sources */,
				7BEC0D2F1E46EF9A00A0C71C /* UIView+LLExt.m in Sources */,
				7BEC0DCB1E47689F00A0C71C /* FaceSourceManager.m in Sources */,
				7BEC0D271E46EBCE00A0C71C /* UIImage+LLExt.m in Sources */,
				7BEC0CF51E461A7100A0C71C /* main.m in Sources */,
				7BEC0D221E46EBCE00A0C71C /* NSDate+LLExt.m in Sources */,
				7BEC0CF41E461A7100A0C71C /* AppDelegate.m in Sources */,
				7BEC0DC31E4766D900A0C71C /* PanelBottomView.m in Sources */,
				7BEC0D031E46DEC100A0C71C /* DANavigationController.m in Sources */,
				7BEC0D4A1E47041D00A0C71C /* LYHomeCell.m in Sources */,
				7BEC0DBF1E4766D900A0C71C /* FaceButton.m in Sources */,
				7BEC0D591E470AA100A0C71C /* DAChatViewController.m in Sources */,
				7BEC0DC41E4766D900A0C71C /* MorePanel.m in Sources */,
				7BEC0D281E46EBCE00A0C71C /* UINavigationBar+LLExt.m in Sources */,
				7BEC0DC71E4766D900A0C71C /* RFRecordButton.m in Sources */,
				7BEC0DC21E4766D900A0C71C /* FaceThemeView.m in Sources */,
				7BEC0DB71E4766D900A0C71C /* NSString+Emoji.m in Sources */,
				7BEC0DB91E4766D900A0C71C /* ChatToolBarItem.m in Sources */,
				7BEC0DED1E483DDA00A0C71C /* DAProfilesViewController.m in Sources */,
				7BEC0DC11E4766D900A0C71C /* FacePanel.m in Sources */,
				7BEC0DC81E4766D900A0C71C /* RFTextView.m in Sources */,
			);
			runOnlyForDeploymentPostprocessing = 0;
		};
/* End PBXSourcesBuildPhase section */

/* Begin XCBuildConfiguration section */
		7B08C2721E44B0E9002FB869 /* Debug */ = {
			isa = XCBuildConfiguration;
			buildSettings = {
				ALWAYS_SEARCH_USER_PATHS = NO;
				CLANG_ANALYZER_NONNULL = YES;
				CLANG_CXX_LANGUAGE_STANDARD = "gnu++0x";
				CLANG_CXX_LIBRARY = "libc++";
				CLANG_ENABLE_MODULES = YES;
				CLANG_ENABLE_OBJC_ARC = YES;
				CLANG_WARN_BOOL_CONVERSION = YES;
				CLANG_WARN_CONSTANT_CONVERSION = YES;
				CLANG_WARN_DIRECT_OBJC_ISA_USAGE = YES_ERROR;
				CLANG_WARN_DOCUMENTATION_COMMENTS = YES;
				CLANG_WARN_EMPTY_BODY = YES;
				CLANG_WARN_ENUM_CONVERSION = YES;
				CLANG_WARN_INFINITE_RECURSION = YES;
				CLANG_WARN_INT_CONVERSION = YES;
				CLANG_WARN_OBJC_ROOT_CLASS = YES_ERROR;
				CLANG_WARN_SUSPICIOUS_MOVES = YES;
				CLANG_WARN_UNREACHABLE_CODE = YES;
				CLANG_WARN__DUPLICATE_METHOD_MATCH = YES;
				CODE_SIGN_IDENTITY = "iPhone Developer";
				"CODE_SIGN_IDENTITY[sdk=iphoneos*]" = "iPhone Developer";
				COPY_PHASE_STRIP = NO;
				DEBUG_INFORMATION_FORMAT = dwarf;
				ENABLE_BITCODE = NO;
				ENABLE_STRICT_OBJC_MSGSEND = YES;
				ENABLE_TESTABILITY = YES;
				GCC_C_LANGUAGE_STANDARD = gnu99;
				GCC_DYNAMIC_NO_PIC = NO;
				GCC_NO_COMMON_BLOCKS = YES;
				GCC_OPTIMIZATION_LEVEL = 0;
				GCC_PREPROCESSOR_DEFINITIONS = (
					"DEBUG=1",
					"$(inherited)",
				);
				GCC_WARN_64_TO_32_BIT_CONVERSION = YES;
				GCC_WARN_ABOUT_RETURN_TYPE = YES_ERROR;
				GCC_WARN_UNDECLARED_SELECTOR = YES;
				GCC_WARN_UNINITIALIZED_AUTOS = YES_AGGRESSIVE;
				GCC_WARN_UNUSED_FUNCTION = YES;
				GCC_WARN_UNUSED_VARIABLE = YES;
				IPHONEOS_DEPLOYMENT_TARGET = 8.0;
				MTL_ENABLE_DEBUG_INFO = YES;
				ONLY_ACTIVE_ARCH = YES;
				SDKROOT = iphoneos;
			};
			name = Debug;
		};
		7B08C2731E44B0E9002FB869 /* Release */ = {
			isa = XCBuildConfiguration;
			buildSettings = {
				ALWAYS_SEARCH_USER_PATHS = NO;
				CLANG_ANALYZER_NONNULL = YES;
				CLANG_CXX_LANGUAGE_STANDARD = "gnu++0x";
				CLANG_CXX_LIBRARY = "libc++";
				CLANG_ENABLE_MODULES = YES;
				CLANG_ENABLE_OBJC_ARC = YES;
				CLANG_WARN_BOOL_CONVERSION = YES;
				CLANG_WARN_CONSTANT_CONVERSION = YES;
				CLANG_WARN_DIRECT_OBJC_ISA_USAGE = YES_ERROR;
				CLANG_WARN_DOCUMENTATION_COMMENTS = YES;
				CLANG_WARN_EMPTY_BODY = YES;
				CLANG_WARN_ENUM_CONVERSION = YES;
				CLANG_WARN_INFINITE_RECURSION = YES;
				CLANG_WARN_INT_CONVERSION = YES;
				CLANG_WARN_OBJC_ROOT_CLASS = YES_ERROR;
				CLANG_WARN_SUSPICIOUS_MOVES = YES;
				CLANG_WARN_UNREACHABLE_CODE = YES;
				CLANG_WARN__DUPLICATE_METHOD_MATCH = YES;
				CODE_SIGN_IDENTITY = "iPhone Developer";
				"CODE_SIGN_IDENTITY[sdk=iphoneos*]" = "iPhone Developer";
				COPY_PHASE_STRIP = NO;
				DEBUG_INFORMATION_FORMAT = "dwarf-with-dsym";
				ENABLE_BITCODE = NO;
				ENABLE_NS_ASSERTIONS = NO;
				ENABLE_STRICT_OBJC_MSGSEND = YES;
				GCC_C_LANGUAGE_STANDARD = gnu99;
				GCC_NO_COMMON_BLOCKS = YES;
				GCC_WARN_64_TO_32_BIT_CONVERSION = YES;
				GCC_WARN_ABOUT_RETURN_TYPE = YES_ERROR;
				GCC_WARN_UNDECLARED_SELECTOR = YES;
				GCC_WARN_UNINITIALIZED_AUTOS = YES_AGGRESSIVE;
				GCC_WARN_UNUSED_FUNCTION = YES;
				GCC_WARN_UNUSED_VARIABLE = YES;
				IPHONEOS_DEPLOYMENT_TARGET = 8.0;
				MTL_ENABLE_DEBUG_INFO = NO;
				SDKROOT = iphoneos;
				VALIDATE_PRODUCT = YES;
			};
			name = Release;
		};
		7B08C2751E44B0E9002FB869 /* Debug */ = {
			isa = XCBuildConfiguration;
			baseConfigurationReference = 9D7D35D514777E16BC56E929 /* Pods-chatcoin.debug.xcconfig */;
			buildSettings = {
				ASSETCATALOG_COMPILER_APPICON_NAME = AppIcon;
				ASSETCATALOG_COMPILER_LAUNCHIMAGE_NAME = LaunchImage;
				CODE_SIGN_IDENTITY = "iPhone Developer";
				DEVELOPMENT_TEAM = 4Y93JD58KW;
				GCC_PRECOMPILE_PREFIX_HEADER = YES;
				GCC_PREFIX_HEADER = "chatcoin/chatcoin-Prefix.pch";
				INFOPLIST_FILE = chatcoin/Info.plist;
				LD_RUNPATH_SEARCH_PATHS = "$(inherited) @executable_path/Frameworks";
				PRODUCT_BUNDLE_IDENTIFIER = com.okerivy.chatcoin;
				PRODUCT_NAME = "$(TARGET_NAME)";
			};
			name = Debug;
		};
		7B08C2761E44B0E9002FB869 /* Release */ = {
			isa = XCBuildConfiguration;
			baseConfigurationReference = 3278594E7C5912FABB1083AE /* Pods-chatcoin.release.xcconfig */;
			buildSettings = {
				ASSETCATALOG_COMPILER_APPICON_NAME = AppIcon;
				ASSETCATALOG_COMPILER_LAUNCHIMAGE_NAME = LaunchImage;
				CODE_SIGN_IDENTITY = "iPhone Developer";
				DEVELOPMENT_TEAM = 4Y93JD58KW;
				GCC_PRECOMPILE_PREFIX_HEADER = YES;
				GCC_PREFIX_HEADER = "chatcoin/chatcoin-Prefix.pch";
				INFOPLIST_FILE = chatcoin/Info.plist;
				LD_RUNPATH_SEARCH_PATHS = "$(inherited) @executable_path/Frameworks";
				PRODUCT_BUNDLE_IDENTIFIER = com.okerivy.chatcoin;
				PRODUCT_NAME = "$(TARGET_NAME)";
			};
			name = Release;
		};
/* End XCBuildConfiguration section */

/* Begin XCConfigurationList section */
		7B08C2581E44B0E9002FB869 /* Build configuration list for PBXProject "chatcoin" */ = {
			isa = XCConfigurationList;
			buildConfigurations = (
				7B08C2721E44B0E9002FB869 /* Debug */,
				7B08C2731E44B0E9002FB869 /* Release */,
			);
			defaultConfigurationIsVisible = 0;
			defaultConfigurationName = Release;
		};
		7B08C2741E44B0E9002FB869 /* Build configuration list for PBXNativeTarget "chatcoin" */ = {
			isa = XCConfigurationList;
			buildConfigurations = (
				7B08C2751E44B0E9002FB869 /* Debug */,
				7B08C2761E44B0E9002FB869 /* Release */,
			);
			defaultConfigurationIsVisible = 0;
			defaultConfigurationName = Release;
		};
/* End XCConfigurationList section */
	};
	rootObject = 7B08C2551E44B0E9002FB869 /* Project object */;
}
